
Microsoft Visual Studio Solution File, Format Version 12.00
Project("{FAE04EC0-301F-11D3-BF4B-00C04F79EFBC}") = "ConsoleAppFirst", "ConsoleAppFirst\ConsoleAppFirst.csproj", "{7C31F1BA-28EE-4A43-A7B8-51DC88F26C14}"
EndProject
Global
	GlobalSection(SolutionConfigurationPlatforms) = preSolution
		Debug|Any CPU = Debug|Any CPU
		Release|Any CPU = Release|Any CPU
	EndGlobalSection
	GlobalSection(ProjectConfigurationPlatforms) = postSolution
		{7C31F1BA-28EE-4A43-A7B8-51DC88F26C14}.Debug|Any CPU.ActiveCfg = Debug|Any CPU
		{7C31F1BA-28EE-4A43-A7B8-51DC88F26C14}.Debug|Any CPU.Build.0 = Debug|Any CPU
		{7C31F1BA-28EE-4A43-A7B8-51DC88F26C14}.Release|Any CPU.ActiveCfg = Release|Any CPU
		{7C31F1BA-28EE-4A43-A7B8-51DC88F26C14}.Release|Any CPU.Build.0 = Release|Any CPU
	EndGlobalSection
EndGlobal
